
Microsoft Visual Studio Solution File, Format Version 12.00
# Visual Studio 14
VisualStudioVersion = 14.0.25420.1
MinimumVisualStudioVersion = 10.0.40219.1
Project("{FAE04EC0-301F-11D3-BF4B-00C04F79EFBC}") = "ServiceTB", "ServiceTB\ServiceTB.csproj", "{B6CEEC05-F9AB-4162-995C-F6D13614B087}"
EndProject
Project("{FAE04EC0-301F-11D3-BF4B-00C04F79EFBC}") = "ServerTB", "ServerTB\ServerTB.csproj", "{8E9728DA-1A69-47B5-AA9A-6F1813237255}"
EndProject
Project("{FAE04EC0-301F-11D3-BF4B-00C04F79EFBC}") = "AdminTB", "AdminTB\AdminTB.csproj", "{A117FB5A-61F1-450E-90B9-B3EDAA4B0AB6}"
EndProject
Global
	GlobalSection(SolutionConfigurationPlatforms) = preSolution
		Debug|Any CPU = Debug|Any CPU
		Release|Any CPU = Release|Any CPU
	EndGlobalSection
	GlobalSection(ProjectConfigurationPlatforms) = postSolution
		{B6CEEC05-F9AB-4162-995C-F6D13614B087}.Debug|Any CPU.ActiveCfg = Debug|Any CPU
		{B6CEEC05-F9AB-4162-995C-F6D13614B087}.Debug|Any CPU.Build.0 = Debug|Any CPU
		{B6CEEC05-F9AB-4162-995C-F6D13614B087}.Release|Any CPU.ActiveCfg = Release|Any CPU
		{B6CEEC05-F9AB-4162-995C-F6D13614B087}.Release|Any CPU.Build.0 = Release|Any CPU
		{8E9728DA-1A69-47B5-AA9A-6F1813237255}.Debug|Any CPU.ActiveCfg = Debug|Any CPU
		{8E9728DA-1A69-47B5-AA9A-6F1813237255}.Debug|Any CPU.Build.0 = Debug|Any CPU
		{8E9728DA-1A69-47B5-AA9A-6F1813237255}.Release|Any CPU.ActiveCfg = Release|Any CPU
		{8E9728DA-1A69-47B5-AA9A-6F1813237255}.Release|Any CPU.Build.0 = Release|Any CPU
		{A117FB5A-61F1-450E-90B9-B3EDAA4B0AB6}.Debug|Any CPU.ActiveCfg = Debug|Any CPU
		{A117FB5A-61F1-450E-90B9-B3EDAA4B0AB6}.Debug|Any CPU.Build.0 = Debug|Any CPU
		{A117FB5A-61F1-450E-90B9-B3EDAA4B0AB6}.Release|Any CPU.ActiveCfg = Release|Any CPU
		{A117FB5A-61F1-450E-90B9-B3EDAA4B0AB6}.Release|Any CPU.Build.0 = Release|Any CPU
	EndGlobalSection
	GlobalSection(SolutionProperties) = preSolution
		HideSolutionNode = FALSE
	EndGlobalSection
EndGlobal
